
Microsoft Visual Studio Solution File, Format Version 12.00
# Visual Studio 15
VisualStudioVersion = 15.0.27130.2010
MinimumVisualStudioVersion = 10.0.40219.1
Project("{E53339B2-1760-4266-BCC7-CA923CBCF16C}") = "docker-compose", "docker-compose.dcproj", "{2C96FAF7-2933-4008-990C-7AC59A9BEE27}"
EndProject
Project("{9A19103F-16F7-4668-BE54-9A1E7A4F7556}") = "aspHello", "aspHello.csproj", "{A7063B71-A4CD-40DD-9BF9-AB9F3B92224F}"
EndProject
Global
	GlobalSection(SolutionConfigurationPlatforms) = preSolution
		Debug|Any CPU = Debug|Any CPU
		Release|Any CPU = Release|Any CPU
	EndGlobalSection
	GlobalSection(ProjectConfigurationPlatforms) = postSolution
		{2C96FAF7-2933-4008-990C-7AC59A9BEE27}.Debug|Any CPU.ActiveCfg = Debug|Any CPU
		{2C96FAF7-2933-4008-990C-7AC59A9BEE27}.Debug|Any CPU.Build.0 = Debug|Any CPU
		{2C96FAF7-2933-4008-990C-7AC59A9BEE27}.Release|Any CPU.ActiveCfg = Release|Any CPU
		{2C96FAF7-2933-4008-990C-7AC59A9BEE27}.Release|Any CPU.Build.0 = Release|Any CPU
		{A7063B71-A4CD-40DD-9BF9-AB9F3B92224F}.Debug|Any CPU.ActiveCfg = Debug|Any CPU
		{A7063B71-A4CD-40DD-9BF9-AB9F3B92224F}.Debug|Any CPU.Build.0 = Debug|Any CPU
		{A7063B71-A4CD-40DD-9BF9-AB9F3B92224F}.Release|Any CPU.ActiveCfg = Release|Any CPU
		{A7063B71-A4CD-40DD-9BF9-AB9F3B92224F}.Release|Any CPU.Build.0 = Release|Any CPU
	EndGlobalSection
	GlobalSection(SolutionProperties) = preSolution
		HideSolutionNode = FALSE
	EndGlobalSection
	GlobalSection(ExtensibilityGlobals) = postSolution
		SolutionGuid = {7A8107A4-D95D-4A5C-819B-05802085D3D2}
	EndGlobalSection
EndGlobal
